
Microsoft Visual Studio Solution File, Format Version 12.00
# Visual Studio 14
VisualStudioVersion = 14.0.23107.0
MinimumVisualStudioVersion = 10.0.40219.1
Project("{F184B08F-C81C-45F6-A57F-5ABD9991F28F}") = "SpaceGame", "SpaceGame\SpaceGame.vbproj", "{7128CFDE-D8E1-493B-8917-83E2CFF20706}"
EndProject
Project("{F184B08F-C81C-45F6-A57F-5ABD9991F28F}") = "SpaceGame.Tests", "SpaceGame.Tests\SpaceGame.Tests.vbproj", "{46ACAADF-CEB2-48D8-A745-ED0C4D94228C}"
EndProject
Project("{F184B08F-C81C-45F6-A57F-5ABD9991F28F}") = "OrbitalMechanics", "OrbitalMechanics\OrbitalMechanics.vbproj", "{EA0CD7F9-922C-48FF-B8FC-092419A8A4D6}"
EndProject
Project("{F184B08F-C81C-45F6-A57F-5ABD9991F28F}") = "Entities", "Entities\Entities.vbproj", "{B62B331D-C212-4F81-8DF7-43F44D605B30}"
EndProject
Project("{F184B08F-C81C-45F6-A57F-5ABD9991F28F}") = "Messaging", "Messaging\Messaging.vbproj", "{1C0DDA45-B79A-468A-95D9-08ED9EC3EC4F}"
EndProject
Project("{F184B08F-C81C-45F6-A57F-5ABD9991F28F}") = "DemoForm", "DemoForm\DemoForm.vbproj", "{616DD271-CF8F-473C-80A4-2BB40AAA692A}"
EndProject
Project("{F184B08F-C81C-45F6-A57F-5ABD9991F28F}") = "Core", "Core\Core.vbproj", "{847E5B29-49B3-4C2D-A9FD-5CA302BB6F50}"
EndProject
Global
	GlobalSection(SolutionConfigurationPlatforms) = preSolution
		Debug|Any CPU = Debug|Any CPU
		Release|Any CPU = Release|Any CPU
	EndGlobalSection
	GlobalSection(ProjectConfigurationPlatforms) = postSolution
		{7128CFDE-D8E1-493B-8917-83E2CFF20706}.Debug|Any CPU.ActiveCfg = Debug|Any CPU
		{7128CFDE-D8E1-493B-8917-83E2CFF20706}.Debug|Any CPU.Build.0 = Debug|Any CPU
		{7128CFDE-D8E1-493B-8917-83E2CFF20706}.Release|Any CPU.ActiveCfg = Release|Any CPU
		{7128CFDE-D8E1-493B-8917-83E2CFF20706}.Release|Any CPU.Build.0 = Release|Any CPU
		{46ACAADF-CEB2-48D8-A745-ED0C4D94228C}.Debug|Any CPU.ActiveCfg = Debug|Any CPU
		{46ACAADF-CEB2-48D8-A745-ED0C4D94228C}.Debug|Any CPU.Build.0 = Debug|Any CPU
		{46ACAADF-CEB2-48D8-A745-ED0C4D94228C}.Release|Any CPU.ActiveCfg = Release|Any CPU
		{46ACAADF-CEB2-48D8-A745-ED0C4D94228C}.Release|Any CPU.Build.0 = Release|Any CPU
		{EA0CD7F9-922C-48FF-B8FC-092419A8A4D6}.Debug|Any CPU.ActiveCfg = Debug|Any CPU
		{EA0CD7F9-922C-48FF-B8FC-092419A8A4D6}.Debug|Any CPU.Build.0 = Debug|Any CPU
		{EA0CD7F9-922C-48FF-B8FC-092419A8A4D6}.Release|Any CPU.ActiveCfg = Release|Any CPU
		{EA0CD7F9-922C-48FF-B8FC-092419A8A4D6}.Release|Any CPU.Build.0 = Release|Any CPU
		{B62B331D-C212-4F81-8DF7-43F44D605B30}.Debug|Any CPU.ActiveCfg = Debug|Any CPU
		{B62B331D-C212-4F81-8DF7-43F44D605B30}.Debug|Any CPU.Build.0 = Debug|Any CPU
		{B62B331D-C212-4F81-8DF7-43F44D605B30}.Release|Any CPU.ActiveCfg = Release|Any CPU
		{B62B331D-C212-4F81-8DF7-43F44D605B30}.Release|Any CPU.Build.0 = Release|Any CPU
		{1C0DDA45-B79A-468A-95D9-08ED9EC3EC4F}.Debug|Any CPU.ActiveCfg = Debug|Any CPU
		{1C0DDA45-B79A-468A-95D9-08ED9EC3EC4F}.Debug|Any CPU.Build.0 = Debug|Any CPU
		{1C0DDA45-B79A-468A-95D9-08ED9EC3EC4F}.Release|Any CPU.ActiveCfg = Release|Any CPU
		{1C0DDA45-B79A-468A-95D9-08ED9EC3EC4F}.Release|Any CPU.Build.0 = Release|Any CPU
		{616DD271-CF8F-473C-80A4-2BB40AAA692A}.Debug|Any CPU.ActiveCfg = Debug|Any CPU
		{616DD271-CF8F-473C-80A4-2BB40AAA692A}.Debug|Any CPU.Build.0 = Debug|Any CPU
		{616DD271-CF8F-473C-80A4-2BB40AAA692A}.Release|Any CPU.ActiveCfg = Release|Any CPU
		{616DD271-CF8F-473C-80A4-2BB40AAA692A}.Release|Any CPU.Build.0 = Release|Any CPU
		{847E5B29-49B3-4C2D-A9FD-5CA302BB6F50}.Debug|Any CPU.ActiveCfg = Debug|Any CPU
		{847E5B29-49B3-4C2D-A9FD-5CA302BB6F50}.Debug|Any CPU.Build.0 = Debug|Any CPU
		{847E5B29-49B3-4C2D-A9FD-5CA302BB6F50}.Release|Any CPU.ActiveCfg = Release|Any CPU
		{847E5B29-49B3-4C2D-A9FD-5CA302BB6F50}.Release|Any CPU.Build.0 = Release|Any CPU
	EndGlobalSection
	GlobalSection(SolutionProperties) = preSolution
		HideSolutionNode = FALSE
	EndGlobalSection
EndGlobal
