
Microsoft Visual Studio Solution File, Format Version 12.00
# Visual Studio 14
VisualStudioVersion = 14.0.25008.0
MinimumVisualStudioVersion = 10.0.40219.1
Project("{F184B08F-C81C-45F6-A57F-5ABD9991F28F}") = "OrbitalMechanics", "OrbitalMechanics\OrbitalMechanics.vbproj", "{EA0CD7F9-922C-48FF-B8FC-092419A8A4D6}"
EndProject
Project("{F184B08F-C81C-45F6-A57F-5ABD9991F28F}") = "Entities", "Entities\Entities.vbproj", "{B62B331D-C212-4F81-8DF7-43F44D605B30}"
EndProject
Project("{F184B08F-C81C-45F6-A57F-5ABD9991F28F}") = "Messaging", "Messaging\Messaging.vbproj", "{1C0DDA45-B79A-468A-95D9-08ED9EC3EC4F}"
EndProject
Project("{F184B08F-C81C-45F6-A57F-5ABD9991F28F}") = "Core", "Core\Core.vbproj", "{847E5B29-49B3-4C2D-A9FD-5CA302BB6F50}"
EndProject
Project("{F184B08F-C81C-45F6-A57F-5ABD9991F28F}") = "WebApi", "WebApi\WebApi.vbproj", "{1D5AD580-3923-4342-8B05-665EE670C08D}"
EndProject
Project("{FAE04EC0-301F-11D3-BF4B-00C04F79EFBC}") = "Presentation.Web", "Presentation.Web\Presentation.Web.csproj", "{AF354C7F-0929-4630-98FA-6B455ED0134B}"
EndProject
Project("{F184B08F-C81C-45F6-A57F-5ABD9991F28F}") = "StateManager", "StateManager\StateManager.vbproj", "{0D4795B8-76CD-486A-9D80-433386CAD100}"
EndProject
Project("{2150E333-8FDC-42A3-9474-1A3956D46DE8}") = "Solution Items", "Solution Items", "{0E976BD5-CE22-4D60-80EB-E87BBABB24CE}"
	ProjectSection(SolutionItems) = preProject
		WE-Palette.css = WE-Palette.css
		WebEssentials2015-Settings.json = WebEssentials2015-Settings.json
	EndProjectSection
EndProject
Project("{F184B08F-C81C-45F6-A57F-5ABD9991F28F}") = "OrbitalMechanics.Tests", "OrbitalMechanics.Tests\OrbitalMechanics.Tests.vbproj", "{4F704AA4-7F50-4E4B-A3EC-7CA8C2E2F216}"
EndProject
Project("{F184B08F-C81C-45F6-A57F-5ABD9991F28F}") = "Entities.Tests", "Entities.Tests\Entities.Tests.vbproj", "{68E76602-845B-4D9D-A928-3CD9A5BD081A}"
EndProject
Project("{F184B08F-C81C-45F6-A57F-5ABD9991F28F}") = "Data", "Data\Data.vbproj", "{3FA5A201-1645-4AAD-AED1-7F2171ACA4DE}"
EndProject
Project("{F184B08F-C81C-45F6-A57F-5ABD9991F28F}") = "TurnTracker", "TurnTracker\TurnTracker.vbproj", "{5A34BF92-2AC1-43DC-AF9D-5880FCBEC581}"
EndProject
Project("{F184B08F-C81C-45F6-A57F-5ABD9991F28F}") = "TurnTracker.InMemoryTurnTracker", "TurnTracker.InMemoryTurnTracker\TurnTracker.InMemoryTurnTracker.vbproj", "{DC91D260-31A7-4DD0-97FC-BD6DBCAC0396}"
EndProject
Project("{F184B08F-C81C-45F6-A57F-5ABD9991F28F}") = "TurnTracker.Tests", "TurnTracker.Tests\TurnTracker.Tests.vbproj", "{87F6BF8F-4C73-4A68-B8D8-A34DC8FA002D}"
EndProject
Project("{F184B08F-C81C-45F6-A57F-5ABD9991F28F}") = "Core.Tests", "Core.Tests\Core.Tests.vbproj", "{BF5560F7-66CF-4E53-ACC6-AC30A13D079C}"
EndProject
Project("{F184B08F-C81C-45F6-A57F-5ABD9991F28F}") = "Camera", "Camera\Camera.vbproj", "{10644977-96C4-4144-AA73-78043E86FB29}"
EndProject
Project("{F184B08F-C81C-45F6-A57F-5ABD9991F28F}") = "Camera.InMemoryCamera", "Camera.InMemoryCamera\Camera.InMemoryCamera.vbproj", "{E9C8D057-371A-4B7C-B2BB-4B5B07DB02AC}"
EndProject
Project("{F184B08F-C81C-45F6-A57F-5ABD9991F28F}") = "Camera.InMemoryCamera.Tests", "Camera.InMemoryCamera.Tests\Camera.InMemoryCamera.Tests.vbproj", "{53C1DB68-9C11-4514-A2E4-68240F21BC45}"
EndProject
Project("{F184B08F-C81C-45F6-A57F-5ABD9991F28F}") = "Data.InMemoryData", "Data.InMemoryData\Data.InMemoryData.vbproj", "{A797F444-2A0F-4FBA-9B63-9AD42C55E787}"
EndProject
Project("{F184B08F-C81C-45F6-A57F-5ABD9991F28F}") = "Scene", "Scene\Scene.vbproj", "{0C3F75E6-608F-4FC5-8F2A-1C74C01807CE}"
EndProject
Global
	GlobalSection(SolutionConfigurationPlatforms) = preSolution
		Debug|Any CPU = Debug|Any CPU
		Release|Any CPU = Release|Any CPU
	EndGlobalSection
	GlobalSection(ProjectConfigurationPlatforms) = postSolution
		{EA0CD7F9-922C-48FF-B8FC-092419A8A4D6}.Debug|Any CPU.ActiveCfg = Debug|Any CPU
		{EA0CD7F9-922C-48FF-B8FC-092419A8A4D6}.Debug|Any CPU.Build.0 = Debug|Any CPU
		{EA0CD7F9-922C-48FF-B8FC-092419A8A4D6}.Release|Any CPU.ActiveCfg = Release|Any CPU
		{EA0CD7F9-922C-48FF-B8FC-092419A8A4D6}.Release|Any CPU.Build.0 = Release|Any CPU
		{B62B331D-C212-4F81-8DF7-43F44D605B30}.Debug|Any CPU.ActiveCfg = Debug|Any CPU
		{B62B331D-C212-4F81-8DF7-43F44D605B30}.Debug|Any CPU.Build.0 = Debug|Any CPU
		{B62B331D-C212-4F81-8DF7-43F44D605B30}.Release|Any CPU.ActiveCfg = Release|Any CPU
		{B62B331D-C212-4F81-8DF7-43F44D605B30}.Release|Any CPU.Build.0 = Release|Any CPU
		{1C0DDA45-B79A-468A-95D9-08ED9EC3EC4F}.Debug|Any CPU.ActiveCfg = Debug|Any CPU
		{1C0DDA45-B79A-468A-95D9-08ED9EC3EC4F}.Debug|Any CPU.Build.0 = Debug|Any CPU
		{1C0DDA45-B79A-468A-95D9-08ED9EC3EC4F}.Release|Any CPU.ActiveCfg = Release|Any CPU
		{1C0DDA45-B79A-468A-95D9-08ED9EC3EC4F}.Release|Any CPU.Build.0 = Release|Any CPU
		{847E5B29-49B3-4C2D-A9FD-5CA302BB6F50}.Debug|Any CPU.ActiveCfg = Debug|Any CPU
		{847E5B29-49B3-4C2D-A9FD-5CA302BB6F50}.Debug|Any CPU.Build.0 = Debug|Any CPU
		{847E5B29-49B3-4C2D-A9FD-5CA302BB6F50}.Release|Any CPU.ActiveCfg = Release|Any CPU
		{847E5B29-49B3-4C2D-A9FD-5CA302BB6F50}.Release|Any CPU.Build.0 = Release|Any CPU
		{1D5AD580-3923-4342-8B05-665EE670C08D}.Debug|Any CPU.ActiveCfg = Debug|Any CPU
		{1D5AD580-3923-4342-8B05-665EE670C08D}.Debug|Any CPU.Build.0 = Debug|Any CPU
		{1D5AD580-3923-4342-8B05-665EE670C08D}.Release|Any CPU.ActiveCfg = Release|Any CPU
		{1D5AD580-3923-4342-8B05-665EE670C08D}.Release|Any CPU.Build.0 = Release|Any CPU
		{AF354C7F-0929-4630-98FA-6B455ED0134B}.Debug|Any CPU.ActiveCfg = Debug|Any CPU
		{AF354C7F-0929-4630-98FA-6B455ED0134B}.Debug|Any CPU.Build.0 = Debug|Any CPU
		{AF354C7F-0929-4630-98FA-6B455ED0134B}.Release|Any CPU.ActiveCfg = Release|Any CPU
		{AF354C7F-0929-4630-98FA-6B455ED0134B}.Release|Any CPU.Build.0 = Release|Any CPU
		{0D4795B8-76CD-486A-9D80-433386CAD100}.Debug|Any CPU.ActiveCfg = Debug|Any CPU
		{0D4795B8-76CD-486A-9D80-433386CAD100}.Debug|Any CPU.Build.0 = Debug|Any CPU
		{0D4795B8-76CD-486A-9D80-433386CAD100}.Release|Any CPU.ActiveCfg = Release|Any CPU
		{0D4795B8-76CD-486A-9D80-433386CAD100}.Release|Any CPU.Build.0 = Release|Any CPU
		{4F704AA4-7F50-4E4B-A3EC-7CA8C2E2F216}.Debug|Any CPU.ActiveCfg = Debug|Any CPU
		{4F704AA4-7F50-4E4B-A3EC-7CA8C2E2F216}.Debug|Any CPU.Build.0 = Debug|Any CPU
		{4F704AA4-7F50-4E4B-A3EC-7CA8C2E2F216}.Release|Any CPU.ActiveCfg = Release|Any CPU
		{4F704AA4-7F50-4E4B-A3EC-7CA8C2E2F216}.Release|Any CPU.Build.0 = Release|Any CPU
		{68E76602-845B-4D9D-A928-3CD9A5BD081A}.Debug|Any CPU.ActiveCfg = Debug|Any CPU
		{68E76602-845B-4D9D-A928-3CD9A5BD081A}.Debug|Any CPU.Build.0 = Debug|Any CPU
		{68E76602-845B-4D9D-A928-3CD9A5BD081A}.Release|Any CPU.ActiveCfg = Release|Any CPU
		{68E76602-845B-4D9D-A928-3CD9A5BD081A}.Release|Any CPU.Build.0 = Release|Any CPU
		{3FA5A201-1645-4AAD-AED1-7F2171ACA4DE}.Debug|Any CPU.ActiveCfg = Debug|Any CPU
		{3FA5A201-1645-4AAD-AED1-7F2171ACA4DE}.Debug|Any CPU.Build.0 = Debug|Any CPU
		{3FA5A201-1645-4AAD-AED1-7F2171ACA4DE}.Release|Any CPU.ActiveCfg = Release|Any CPU
		{3FA5A201-1645-4AAD-AED1-7F2171ACA4DE}.Release|Any CPU.Build.0 = Release|Any CPU
		{5A34BF92-2AC1-43DC-AF9D-5880FCBEC581}.Debug|Any CPU.ActiveCfg = Debug|Any CPU
		{5A34BF92-2AC1-43DC-AF9D-5880FCBEC581}.Debug|Any CPU.Build.0 = Debug|Any CPU
		{5A34BF92-2AC1-43DC-AF9D-5880FCBEC581}.Release|Any CPU.ActiveCfg = Release|Any CPU
		{5A34BF92-2AC1-43DC-AF9D-5880FCBEC581}.Release|Any CPU.Build.0 = Release|Any CPU
		{DC91D260-31A7-4DD0-97FC-BD6DBCAC0396}.Debug|Any CPU.ActiveCfg = Debug|Any CPU
		{DC91D260-31A7-4DD0-97FC-BD6DBCAC0396}.Debug|Any CPU.Build.0 = Debug|Any CPU
		{DC91D260-31A7-4DD0-97FC-BD6DBCAC0396}.Release|Any CPU.ActiveCfg = Release|Any CPU
		{DC91D260-31A7-4DD0-97FC-BD6DBCAC0396}.Release|Any CPU.Build.0 = Release|Any CPU
		{87F6BF8F-4C73-4A68-B8D8-A34DC8FA002D}.Debug|Any CPU.ActiveCfg = Debug|Any CPU
		{87F6BF8F-4C73-4A68-B8D8-A34DC8FA002D}.Debug|Any CPU.Build.0 = Debug|Any CPU
		{87F6BF8F-4C73-4A68-B8D8-A34DC8FA002D}.Release|Any CPU.ActiveCfg = Release|Any CPU
		{87F6BF8F-4C73-4A68-B8D8-A34DC8FA002D}.Release|Any CPU.Build.0 = Release|Any CPU
		{BF5560F7-66CF-4E53-ACC6-AC30A13D079C}.Debug|Any CPU.ActiveCfg = Debug|Any CPU
		{BF5560F7-66CF-4E53-ACC6-AC30A13D079C}.Debug|Any CPU.Build.0 = Debug|Any CPU
		{BF5560F7-66CF-4E53-ACC6-AC30A13D079C}.Release|Any CPU.ActiveCfg = Release|Any CPU
		{BF5560F7-66CF-4E53-ACC6-AC30A13D079C}.Release|Any CPU.Build.0 = Release|Any CPU
		{10644977-96C4-4144-AA73-78043E86FB29}.Debug|Any CPU.ActiveCfg = Debug|Any CPU
		{10644977-96C4-4144-AA73-78043E86FB29}.Debug|Any CPU.Build.0 = Debug|Any CPU
		{10644977-96C4-4144-AA73-78043E86FB29}.Release|Any CPU.ActiveCfg = Release|Any CPU
		{10644977-96C4-4144-AA73-78043E86FB29}.Release|Any CPU.Build.0 = Release|Any CPU
		{E9C8D057-371A-4B7C-B2BB-4B5B07DB02AC}.Debug|Any CPU.ActiveCfg = Debug|Any CPU
		{E9C8D057-371A-4B7C-B2BB-4B5B07DB02AC}.Debug|Any CPU.Build.0 = Debug|Any CPU
		{E9C8D057-371A-4B7C-B2BB-4B5B07DB02AC}.Release|Any CPU.ActiveCfg = Release|Any CPU
		{E9C8D057-371A-4B7C-B2BB-4B5B07DB02AC}.Release|Any CPU.Build.0 = Release|Any CPU
		{53C1DB68-9C11-4514-A2E4-68240F21BC45}.Debug|Any CPU.ActiveCfg = Debug|Any CPU
		{53C1DB68-9C11-4514-A2E4-68240F21BC45}.Debug|Any CPU.Build.0 = Debug|Any CPU
		{53C1DB68-9C11-4514-A2E4-68240F21BC45}.Release|Any CPU.ActiveCfg = Release|Any CPU
		{53C1DB68-9C11-4514-A2E4-68240F21BC45}.Release|Any CPU.Build.0 = Release|Any CPU
		{A797F444-2A0F-4FBA-9B63-9AD42C55E787}.Debug|Any CPU.ActiveCfg = Debug|Any CPU
		{A797F444-2A0F-4FBA-9B63-9AD42C55E787}.Debug|Any CPU.Build.0 = Debug|Any CPU
		{A797F444-2A0F-4FBA-9B63-9AD42C55E787}.Release|Any CPU.ActiveCfg = Release|Any CPU
		{A797F444-2A0F-4FBA-9B63-9AD42C55E787}.Release|Any CPU.Build.0 = Release|Any CPU
		{0C3F75E6-608F-4FC5-8F2A-1C74C01807CE}.Debug|Any CPU.ActiveCfg = Debug|Any CPU
		{0C3F75E6-608F-4FC5-8F2A-1C74C01807CE}.Debug|Any CPU.Build.0 = Debug|Any CPU
		{0C3F75E6-608F-4FC5-8F2A-1C74C01807CE}.Release|Any CPU.ActiveCfg = Release|Any CPU
		{0C3F75E6-608F-4FC5-8F2A-1C74C01807CE}.Release|Any CPU.Build.0 = Release|Any CPU
	EndGlobalSection
	GlobalSection(SolutionProperties) = preSolution
		HideSolutionNode = FALSE
	EndGlobalSection
EndGlobal
